{
  "name": "ragingpointer.com",
  "requires": true,
  "lockfileVersion": 1,
  "dependencies": {
    "razorleaf": {
      "version": "5.3.3",
      "resolved": "https://registry.npmjs.org/razorleaf/-/razorleaf-5.3.3.tgz",
      "integrity": "sha512-gMltDlSh5+DDIJl55RtgSJ8mdPbfP7T4oVXwWI6jM2RhODo8S5xyCigMzHaHfITKoytiZHBC3Wtr6/04CwOZwA=="
    },
    "snarkdown": {
      "version": "2.0.0",
      "resolved": "https://registry.npmjs.org/snarkdown/-/snarkdown-2.0.0.tgz",
      "integrity": "sha512-MgL/7k/AZdXCTJiNgrO7chgDqaB9FGM/1Tvlcenenb7div6obaDATzs16JhFyHHBGodHT3B7RzRc5qk8pFhg3A=="
    }
  }
}
